
Microsoft Visual Studio Solution File, Format Version 12.00
# Visual Studio Version 17
VisualStudioVersion = 17.4.33213.308
MinimumVisualStudioVersion = 10.0.40219.1
Project("{FAE04EC0-301F-11D3-BF4B-00C04F79EFBC}") = "4.calcule las funciones trigonométricas", "4.calcule las funciones trigonométricas.csproj", "{921DA990-4EAF-4495-9675-34CF83D3A73A}"
EndProject
Global
	GlobalSection(SolutionConfigurationPlatforms) = preSolution
		Debug|Any CPU = Debug|Any CPU
		Release|Any CPU = Release|Any CPU
	EndGlobalSection
	GlobalSection(ProjectConfigurationPlatforms) = postSolution
		{921DA990-4EAF-4495-9675-34CF83D3A73A}.Debug|Any CPU.ActiveCfg = Debug|Any CPU
		{921DA990-4EAF-4495-9675-34CF83D3A73A}.Debug|Any CPU.Build.0 = Debug|Any CPU
		{921DA990-4EAF-4495-9675-34CF83D3A73A}.Release|Any CPU.ActiveCfg = Release|Any CPU
		{921DA990-4EAF-4495-9675-34CF83D3A73A}.Release|Any CPU.Build.0 = Release|Any CPU
	EndGlobalSection
	GlobalSection(SolutionProperties) = preSolution
		HideSolutionNode = FALSE
	EndGlobalSection
	GlobalSection(ExtensibilityGlobals) = postSolution
		SolutionGuid = {6FDC1865-B41F-4ABC-BE34-21B3AA42F700}
	EndGlobalSection
EndGlobal
